github.com/joho/godotenv v1.5.1 h1:7eLL/+HRGLY0ldzfGMeQkb7vMd0as4CfYvUVzLqw0N0=
github.com/joho/godotenv v1.5.1/go.mod h1:f4LDr5Voq0i2e/R5DDNOoa2zzDfwtkZa6DnEwAbqwq4=
github.com/sashabaranov/go-openai v1.11.1 h1:QAyLx/MhiVrV4nsGTAZI+JPP/n0nlYZfxltzv9jTClw=
github.com/sashabaranov/go-openai v1.11.1/go.mod h1:lj5b/K+zjTSFxVLijLSTDZuP7adOgerWeFyZLUhAKRg=
github.com/sourcegraph/go-lsp v0.0.0-20200429204803-219e11d77f5d h1:afLbh+ltiygTOB37ymZVwKlJwWZn+86syPTbrrOAydY=
github.com/sourcegraph/go-lsp v0.0.0-20200429204803-219e11d77f5d/go.mod h1:SULmZY7YNBsvNiQbrb/BEDdEJ84TGnfyUQxaHt8t8rY=
