github.com/go-logr/logr v1.2.4 h1:g01GSCwiDw2xSZfjJ2/T9M+S6pFdcNtFYsp+Y43HYDQ=
github.com/go-skynet/go-ggml-transformers.cpp v0.0.0-20230617123349-32b9223ccdb1 h1:jVGgzDSfpjD/0jl/ChpGI+O4EHSAeeU6DK7IyhH8PK8=
github.com/go-skynet/go-ggml-transformers.cpp v0.0.0-20230617123349-32b9223ccdb1/go.mod h1:31j1odgFXP8hDSUVfH0zErKI5aYVP18ddYnPkwCso2A=
github.com/go-skynet/go-llama.cpp v0.0.0-20230616223721-7ad833b67070 h1:T771FjB1yQw8j4P5x4ayFrUPNTglzxRIqDjaNkMVIME=
github.com/go-skynet/go-llama.cpp v0.0.0-20230616223721-7ad833b67070/go.mod h1:tzi97YvT1bVQ+iTG39LvpDkKG1WbizgtljC+orSoM40=
github.com/go-task/slim-sprig v0.0.0-20230315185526-52ccab3ef572 h1:tfuBGBXKqDEevZMzYi5KSi8KkcZtzBcTgAUUtapy0OI=
github.com/google/go-cmp v0.5.9 h1:O2Tfq5qg4qc4AmwVlvv0oLiVAGB7enBSJ2x2DqQFi38=
github.com/google/pprof v0.0.0-20210407192527-94a9f03dee38 h1:yAJXTCF9TqKcTiHJAE8dj7HMvPfh66eeA2JYW7eFpSE=
github.com/joho/godotenv v1.5.1 h1:7eLL/+HRGLY0ldzfGMeQkb7vMd0as4CfYvUVzLqw0N0=
github.com/joho/godotenv v1.5.1/go.mod h1:f4LDr5Voq0i2e/R5DDNOoa2zzDfwtkZa6DnEwAbqwq4=
github.com/onsi/ginkgo/v2 v2.11.0 h1:WgqUCUt/lT6yXoQ8Wef0fsNn5cAuMK7+KT9UFRz2tcU=
github.com/onsi/gomega v1.27.8 h1:gegWiwZjBsf2DgiSbf5hpokZ98JVDMcWkUiigk6/KXc=
github.com/sashabaranov/go-openai v1.11.2 h1:HuMf+18eldSKbqVblyeCQbtcqSpGVfqTshvi8Bn6zes=
github.com/sashabaranov/go-openai v1.11.2/go.mod h1:lj5b/K+zjTSFxVLijLSTDZuP7adOgerWeFyZLUhAKRg=
golang.org/x/net v0.10.0 h1:X2//UzNDwYmtCLn7To6G58Wr6f5ahEAQgKNzv9Y951M=
golang.org/x/sys v0.9.0 h1:KS/R3tvhPqvJvwcKfnBHJwwthS11LRhmM5D59eEXa0s=
golang.org/x/text v0.9.0 h1:2sjJmO8cDvYveuX97RDLsxlyUxLl+GHoLxBiRdHllBE=
golang.org/x/tools v0.9.3 h1:Gn1I8+64MsuTb/HpH+LmQtNas23LhUVr3rYZ0eKuaMM=
gopkg.in/yaml.v3 v3.0.1 h1:fxVm/GzAzEWqLHuvctI91KS9hhNmmWOoWu0XTYJS7CA=
