github.com/franciscoescher/goopenai v0.4.0 h1:Ddv3GmwB4ckNMakH2NCDJ/WR4kqDkbv+OzW3rxwlwbk=
github.com/franciscoescher/goopenai v0.4.0/go.mod h1:z7/QrnWsmVSvuITzymNdQfzXkvEfHJ93PQn7s0M2NR4=
github.com/google/go-cmp v0.5.2/go.mod h1:v8dTdLbMG2kIc/vJvl+f65V22dbkXbowE6jgT/gNBxE=
github.com/google/go-querystring v1.1.0 h1:AnCroh3fv4ZBgVIf1Iwtovgjaw/GiKJo8M8yD/fhyJ8=
github.com/google/go-querystring v1.1.0/go.mod h1:Kcdr2DB4koayq7X8pmAG4sNG59So17icRSOU623lUBU=
github.com/joho/godotenv v1.5.1 h1:7eLL/+HRGLY0ldzfGMeQkb7vMd0as4CfYvUVzLqw0N0=
github.com/joho/godotenv v1.5.1/go.mod h1:f4LDr5Voq0i2e/R5DDNOoa2zzDfwtkZa6DnEwAbqwq4=
github.com/sourcegraph/go-lsp v0.0.0-20200429204803-219e11d77f5d h1:afLbh+ltiygTOB37ymZVwKlJwWZn+86syPTbrrOAydY=
github.com/sourcegraph/go-lsp v0.0.0-20200429204803-219e11d77f5d/go.mod h1:SULmZY7YNBsvNiQbrb/BEDdEJ84TGnfyUQxaHt8t8rY=
golang.org/x/xerrors v0.0.0-20191204190536-9bdfabe68543/go.mod h1:I/5z698sn9Ka8TeJc9MKroUUfqBBauWjQqLJ2OPfmY0=
